
Microsoft Visual Studio Solution File, Format Version 12.00
Project("{FAE04EC0-301F-11D3-BF4B-00C04F79EFBC}") = "Currencies", "Currencies.csproj", "{DEBD3C05-FD60-4B29-984A-0C1B262D5217}"
EndProject
Global
	GlobalSection(SolutionConfigurationPlatforms) = preSolution
		Debug|Any CPU = Debug|Any CPU
		Release|Any CPU = Release|Any CPU
	EndGlobalSection
	GlobalSection(ProjectConfigurationPlatforms) = postSolution
		{DEBD3C05-FD60-4B29-984A-0C1B262D5217}.Debug|Any CPU.ActiveCfg = Debug|Any CPU
		{DEBD3C05-FD60-4B29-984A-0C1B262D5217}.Debug|Any CPU.Build.0 = Debug|Any CPU
		{DEBD3C05-FD60-4B29-984A-0C1B262D5217}.Release|Any CPU.ActiveCfg = Release|Any CPU
		{DEBD3C05-FD60-4B29-984A-0C1B262D5217}.Release|Any CPU.Build.0 = Release|Any CPU
	EndGlobalSection
EndGlobal
